
Microsoft Visual Studio Solution File, Format Version 12.00
Project("{FAE04EC0-301F-11D3-BF4B-00C04F79EFBC}") = "Module 1 Review Exercise", "Module 1 Review Exercise\Module 1 Review Exercise.csproj", "{AE9A6784-52EF-402C-B0BD-5CC603755834}"
EndProject
Global
	GlobalSection(SolutionConfigurationPlatforms) = preSolution
		Debug|Any CPU = Debug|Any CPU
		Release|Any CPU = Release|Any CPU
	EndGlobalSection
	GlobalSection(ProjectConfigurationPlatforms) = postSolution
		{AE9A6784-52EF-402C-B0BD-5CC603755834}.Debug|Any CPU.ActiveCfg = Debug|Any CPU
		{AE9A6784-52EF-402C-B0BD-5CC603755834}.Debug|Any CPU.Build.0 = Debug|Any CPU
		{AE9A6784-52EF-402C-B0BD-5CC603755834}.Release|Any CPU.ActiveCfg = Release|Any CPU
		{AE9A6784-52EF-402C-B0BD-5CC603755834}.Release|Any CPU.Build.0 = Release|Any CPU
	EndGlobalSection
EndGlobal
